
Microsoft Visual Studio Solution File, Format Version 12.00
# Visual Studio Version 17
VisualStudioVersion = 17.1.32421.90
MinimumVisualStudioVersion = 10.0.40219.1
Project("{FAE04EC0-301F-11D3-BF4B-00C04F79EFBC}") = "AverageImageUrlLength", "AverageImageUrlLength\AverageImageUrlLength.csproj", "{4761A850-7A1C-4A8F-A4AF-581F73EEAF9F}"
EndProject
Global
	GlobalSection(SolutionConfigurationPlatforms) = preSolution
		Debug|Any CPU = Debug|Any CPU
		Release|Any CPU = Release|Any CPU
	EndGlobalSection
	GlobalSection(ProjectConfigurationPlatforms) = postSolution
		{4761A850-7A1C-4A8F-A4AF-581F73EEAF9F}.Debug|Any CPU.ActiveCfg = Debug|Any CPU
		{4761A850-7A1C-4A8F-A4AF-581F73EEAF9F}.Debug|Any CPU.Build.0 = Debug|Any CPU
		{4761A850-7A1C-4A8F-A4AF-581F73EEAF9F}.Release|Any CPU.ActiveCfg = Release|Any CPU
		{4761A850-7A1C-4A8F-A4AF-581F73EEAF9F}.Release|Any CPU.Build.0 = Release|Any CPU
	EndGlobalSection
	GlobalSection(SolutionProperties) = preSolution
		HideSolutionNode = FALSE
	EndGlobalSection
	GlobalSection(ExtensibilityGlobals) = postSolution
		SolutionGuid = {68C74EC8-A0CC-4C54-A0FF-0D524EA6035C}
	EndGlobalSection
EndGlobal
